
Microsoft Visual Studio Solution File, Format Version 12.00
# Visual Studio Version 17
VisualStudioVersion = 17.2.32616.157
MinimumVisualStudioVersion = 10.0.40219.1
Project("{FAE04EC0-301F-11D3-BF4B-00C04F79EFBC}") = "Schlaf-Assessment-Tool", "Schlaf-Assessment-Tool\Schlaf-Assessment-Tool.csproj", "{E799B6B8-8708-463B-B467-E0685F9F31DF}"
EndProject
Global
	GlobalSection(SolutionConfigurationPlatforms) = preSolution
		Debug|Any CPU = Debug|Any CPU
		Release|Any CPU = Release|Any CPU
	EndGlobalSection
	GlobalSection(ProjectConfigurationPlatforms) = postSolution
		{E799B6B8-8708-463B-B467-E0685F9F31DF}.Debug|Any CPU.ActiveCfg = Debug|Any CPU
		{E799B6B8-8708-463B-B467-E0685F9F31DF}.Debug|Any CPU.Build.0 = Debug|Any CPU
		{E799B6B8-8708-463B-B467-E0685F9F31DF}.Release|Any CPU.ActiveCfg = Release|Any CPU
		{E799B6B8-8708-463B-B467-E0685F9F31DF}.Release|Any CPU.Build.0 = Release|Any CPU
	EndGlobalSection
	GlobalSection(SolutionProperties) = preSolution
		HideSolutionNode = FALSE
	EndGlobalSection
	GlobalSection(ExtensibilityGlobals) = postSolution
		SolutionGuid = {CC0E1D7A-78D8-451F-BD13-890DF11E984B}
	EndGlobalSection
EndGlobal
